
{
  "name": "BlockchainWebApp",
  "version": "0.0.0",
  "lockfileVersion": 1,
  "requires": true,
  "dependencies": {
    "@agm/core": {
      "version": "1.0.0-beta.2",
      "resolved": "https://registry.npmjs.org/@agm/core/-/core-1.0.0-beta.2.tgz",
      "integrity": "sha1-2hXApehv6eEXjxTDaj4P/BT5rXc="
    },
    "@angular/animations": {
      "version": "4.2.5",
      "resolved": "https://registry.npmjs.org/@angular/animations/-/animations-4.2.5.tgz",
      "integrity": "sha1-EjD2vGoY8quyPifx2a6e+v0aYDE=",
      "dev": true,
      "requires": {
        "tslib": "1.7.1"
      }
    },
    "@angular/common": {
      "version": "4.2.5",
      "resolved": "https://registry.npmjs.org/@angular/common/-/common-4.2.5.tgz",
      "integrity": "sha1-TVCpW0RM1Yz3BvDandFAfTuDNi4=",
      "dev": true,
      "requires": {
        "tslib": "1.7.1"
      }
    },
    "@angular/compiler": {
      "version": "4.2.5",
      "resolved": "https://registry.npmjs.org/@angular/compiler/-/compiler-4.2.5.tgz",
      "integrity": "sha1-tIZ0x0VrKw3xBy1w5OZnr4bN34M=",
      "dev": true,
      "requires": {
        "tslib": "1.7.1"
      }
    },
    "@angular/compiler-cli": {
      "version": "4.2.5",
      "resolved": "https://registry.npmjs.org/@angular/compiler-cli/-/compiler-cli-4.2.5.tgz",
      "integrity": "sha1-OzltZa3oOA83EgHUNh/JYqSax2o=",
      "dev": true,
      "requires": {
        "@angular/tsc-wrapped": "4.2.5",
        "minimist": "1.2.0",
        "reflect-metadata": "0.1.10"
      },
      "dependencies": {
        "minimist": {
          "version": "1.2.0",
          "resolved": "https://registry.npmjs.org/minimist/-/minimist-1.2.0.tgz",
          "integrity": "sha1-o1AIsg9BOD7sH7kU9M1d95omQoQ=",
          "dev": true
        }
      }
    },
    "@angular/core": {
      "version": "4.2.5",
      "resolved": "https://registry.npmjs.org/@angular/core/-/core-4.2.5.tgz",
      "integrity": "sha1-YcG1iFwmIzLXN/vg9dcRUXWahGQ=",
      "dev": true,
      "requires": {
        "tslib": "1.7.1"
      }
    },
    "@angular/forms": {
      "version": "4.2.5",
      "resolved": "https://registry.npmjs.org/@angular/forms/-/forms-4.2.5.tgz",
      "integrity": "sha1-p+VcjR9aToU37+Ht14NOSh9ZxuQ=",
      "dev": true,
      "requires": {
        "tslib": "1.7.1"
      }
    },
    "@angular/http": {
      "version": "4.2.5",
      "resolved": "https://registry.npmjs.org/@angular/http/-/http-4.2.5.tgz",
      "integrity": "sha1-P/+OXPjogmK6zRyZYwQxLDxaOu8=",
      "dev": true,
      "requires": {
        "tslib": "1.7.1"
      }
    },
    "@angular/platform-browser": {
      "version": "4.2.5",
      "resolved": "https://registry.npmjs.org/@angular/platform-browser/-/platform-browser-4.2.5.tgz",
      "integrity": "sha1-2d3+D4EITpjvJKefSF27ES54oMQ=",
      "dev": true,
      "requires": {
        "tslib": "1.7.1"
      }
    },
    "@angular/platform-browser-dynamic": {